
Microsoft Visual Studio Solution File, Format Version 12.00
# Visual Studio Version 17
VisualStudioVersion = 17.13.35825.156 d17.13
MinimumVisualStudioVersion = 10.0.40219.1
Project("{FAE04EC0-301F-11D3-BF4B-00C04F79EFBC}") = "JustTipApp", "JustTipApp\JustTipApp.csproj", "{6586F03B-E744-41BF-A2A0-6CDBBD364C67}"
EndProject
Global
	GlobalSection(SolutionConfigurationPlatforms) = preSolution
		Debug|Any CPU = Debug|Any CPU
		Release|Any CPU = Release|Any CPU
	EndGlobalSection
	GlobalSection(ProjectConfigurationPlatforms) = postSolution
		{6586F03B-E744-41BF-A2A0-6CDBBD364C67}.Debug|Any CPU.ActiveCfg = Debug|Any CPU
		{6586F03B-E744-41BF-A2A0-6CDBBD364C67}.Debug|Any CPU.Build.0 = Debug|Any CPU
		{6586F03B-E744-41BF-A2A0-6CDBBD364C67}.Release|Any CPU.ActiveCfg = Release|Any CPU
		{6586F03B-E744-41BF-A2A0-6CDBBD364C67}.Release|Any CPU.Build.0 = Release|Any CPU
	EndGlobalSection
	GlobalSection(SolutionProperties) = preSolution
		HideSolutionNode = FALSE
	EndGlobalSection
	GlobalSection(ExtensibilityGlobals) = postSolution
		SolutionGuid = {EF18C5FC-F386-4C0B-83DF-BE1AF115F8B3}
	EndGlobalSection
EndGlobal
