
Microsoft Visual Studio Solution File, Format Version 12.00
# Visual Studio Version 17
VisualStudioVersion = 17.13.35825.156
MinimumVisualStudioVersion = 10.0.40219.1
Project("{FAE04EC0-301F-11D3-BF4B-00C04F79EFBC}") = "JustTipApp", "JustTipApp\JustTipApp.csproj", "{6586F03B-E744-41BF-A2A0-6CDBBD364C67}"
EndProject
Project("{2150E333-8FDC-42A3-9474-1A3956D46DE8}") = "Solution Items", "Solution Items", "{8EC462FD-D22E-90A8-E5CE-7E832BA40C5D}"
	ProjectSection(SolutionItems) = preProject
		.gitignore = .gitignore
	EndProjectSection
EndProject
Project("{FAE04EC0-301F-11D3-BF4B-00C04F79EFBC}") = "JustTip.Test", "JustTip.Test\JustTip.Test.csproj", "{09F49DD9-BDAF-481D-89AB-187505E769A5}"
EndProject
Global
	GlobalSection(SolutionConfigurationPlatforms) = preSolution
		Debug|Any CPU = Debug|Any CPU
		Release|Any CPU = Release|Any CPU
	EndGlobalSection
	GlobalSection(ProjectConfigurationPlatforms) = postSolution
		{6586F03B-E744-41BF-A2A0-6CDBBD364C67}.Debug|Any CPU.ActiveCfg = Debug|Any CPU
		{6586F03B-E744-41BF-A2A0-6CDBBD364C67}.Debug|Any CPU.Build.0 = Debug|Any CPU
		{6586F03B-E744-41BF-A2A0-6CDBBD364C67}.Release|Any CPU.ActiveCfg = Release|Any CPU
		{6586F03B-E744-41BF-A2A0-6CDBBD364C67}.Release|Any CPU.Build.0 = Release|Any CPU
		{09F49DD9-BDAF-481D-89AB-187505E769A5}.Debug|Any CPU.ActiveCfg = Debug|Any CPU
		{09F49DD9-BDAF-481D-89AB-187505E769A5}.Debug|Any CPU.Build.0 = Debug|Any CPU
		{09F49DD9-BDAF-481D-89AB-187505E769A5}.Release|Any CPU.ActiveCfg = Release|Any CPU
		{09F49DD9-BDAF-481D-89AB-187505E769A5}.Release|Any CPU.Build.0 = Release|Any CPU
	EndGlobalSection
	GlobalSection(SolutionProperties) = preSolution
		HideSolutionNode = FALSE
	EndGlobalSection
	GlobalSection(ExtensibilityGlobals) = postSolution
		SolutionGuid = {EF18C5FC-F386-4C0B-83DF-BE1AF115F8B3}
	EndGlobalSection
EndGlobal
